// !$*UTF8*$!
{
	archiveVersion = 1;
	classes = {
	};
	objectVersion = 55;
	objects = {

/* Begin PBXBuildFile section */
		7B5F32B028A2BBEC00A5678F /* SpotifyCloneApp.swift in Sources */ = {isa = PBXBuildFile; fileRef = 7B5F32AF28A2BBEC00A5678F /* SpotifyCloneApp.swift */; };
		7B5F32B228A2BBEC00A5678F /* ContentView.swift in Sources */ = {isa = PBXBuildFile; fileRef = 7B5F32B128A2BBEC00A5678F /* ContentView.swift */; };
		7B5F32B428A2BBED00A5678F /* Assets.xcassets in Resources */ = {isa = PBXBuildFile; fileRef = 7B5F32B328A2BBED00A5678F /* Assets.xcassets */; };
		7B5F32B728A2BBED00A5678F /* Preview Assets.xcassets in Resources */ = {isa = PBXBuildFile; fileRef = 7B5F32B628A2BBED00A5678F /* Preview Assets.xcassets */; };
		7B5F32C128A2BBED00A5678F /* SpotifyCloneTests.swift in Sources */ = {isa = PBXBuildFile; fileRef = 7B5F32C028A2BBED00A5678F /* SpotifyCloneTests.swift */; };
		7B5F32CB28A2BBED00A5678F /* SpotifyCloneUITests.swift in Sources */ = {isa = PBXBuildFile; fileRef = 7B5F32CA28A2BBED00A5678F /* SpotifyCloneUITests.swift */; };
		7B5F32CD28A2BBED00A5678F /* SpotifyCloneUITestsLaunchTests.swift in Sources */ = {isa = PBXBuildFile; fileRef = 7B5F32CC28A2BBED00A5678F /* SpotifyCloneUITestsLaunchTests.swift */; };
/* End PBXBuildFile section */

/* Begin PBXContainerItemProxy section */
		7B5F32BD28A2BBED00A5678F /* PBXContainerItemProxy */ = {
			isa = PBXContainerItemProxy;
			containerPortal = 7B5F32A428A2BBEC00A5678F /* Project object */;
			proxyType = 1;
			remoteGlobalIDString = 7B5F32AB28A2BBEC00A5678F;
			remoteInfo = SpotifyClone;
		};
		7B5F32C728A2BBED00A5678F /* PBXContainerItemProxy */ = {
			isa = PBXContainerItemProxy;
			containerPortal = 7B5F32A428A2BBEC00A5678F /* Project object */;
			proxyType = 1;
			remoteGlobalIDString = 7B5F32AB28A2BBEC00A5678F;
			remoteInfo = SpotifyClone;
		};
/* End PBXContainerItemProxy section */

/* Begin PBXFileReference section */
		7B5F32AC28A2BBEC00A5678F /* SpotifyClone.app */ = {isa = PBXFileReference; explicitFileType = wrapper.application; includeInIndex = 0; path = SpotifyClone.app; sourceTree = BUILT_PRODUCTS_DIR; };
		7B5F32AF28A2BBEC00A5678F /* SpotifyCloneApp.swift */ = {isa = PBXFileReference; lastKnownFileType = sourcecode.swift; path = SpotifyCloneApp.swift; sourceTree = "<group>"; };
		7B5F32B128A2BBEC00A5678F /* ContentView.swift */ = {isa = PBXFileReference; lastKnownFileType = sourcecode.swift; path = ContentView.swift; sourceTree = "<group>"; };
		7B5F32B328A2BBED00A5678F /* Assets.xcassets */ = {isa = PBXFileReference; lastKnownFileType = folder.assetcatalog; path = Assets.xcassets; sourceTree = "<group>"; };
		7B5F32B628A2BBED00A5678F /* Preview Assets.xcassets */ = {isa = PBXFileReference; lastKnownFileType = folder.assetcatalog; path = "Preview Assets.xcassets"; sourceTree = "<group>"; };
		7B5F32BC28A2BBED00A5678F /* SpotifyCloneTests.xctest */ = {isa = PBXFileReference; explicitFileType = wrapper.cfbundle; includeInIndex = 0; path = SpotifyCloneTests.xctest; sourceTree = BUILT_PRODUCTS_DIR; };
		7B5F32C028A2BBED00A5678F /* SpotifyCloneTests.swift */ = {isa = PBXFileReference; lastKnownFileType = sourcecode.swift; path = SpotifyCloneTests.swift; sourceTree = "<group>"; };
		7B5F32C628A2BBED00A5678F /* SpotifyCloneUITests.xctest */ = {isa = PBXFileReference; explicitFileType = wrapper.cfbundle; includeInIndex = 0; path = SpotifyCloneUITests.xctest; sourceTree = BUILT_PRODUCTS_DIR; };
		7B5F32CA28A2BBED00A5678F /* SpotifyCloneUITests.swift */ = {isa = PBXFileReference; lastKnownFileType = sourcecode.swift; path = SpotifyCloneUITests.swift; sourceTree = "<group>"; };
		7B5F32CC28A2BBED00A5678F /* SpotifyCloneUITestsLaunchTests.swift */ = {isa = PBXFileReference; lastKnownFileType = sourcecode.swift; path = SpotifyCloneUITestsLaunchTests.swift; sourceTree = "<group>"; };
/* End PBXFileReference section */

/* Begin PBXFrameworksBuildPhase section */
		7B5F32A928A2BBEC00A5678F /* Frameworks */ = {
			isa = PBXFrameworksBuildPhase;
			buildActionMask = 2147483647;
			files = (
			);
			runOnlyForDeploymentPostprocessing = 0;
		};
		7B5F32B928A2BBED00A5678F /* Frameworks */ = {
			isa = PBXFrameworksBuildPhase;
			buildActionMask = 2147483647;
			files = (
			);
			runOnlyForDeploymentPostprocessing = 0;
		};
		7B5F32C328A2BBED00A5678F /* Frameworks */ = {
			isa = PBXFrameworksBuildPhase;
			buildActionMask = 2147483647;
			files = (
			);
			runOnlyForDeploymentPostprocessing = 0;
		};
/* End PBXFrameworksBuildPhase section */

/* Begin PBXGroup section */
		7B5F32A328A2BBEC00A5678F = {
			isa = PBXGroup;
			children = (
				7B5F32AE28A2BBEC00A5678F /* SpotifyClone */,
				7B5F32BF28A2BBED00A5678F /* SpotifyCloneTests */,
				7B5F32C928A2BBED00A5678F /* SpotifyCloneUITests */,
				7B5F32AD28A2BBEC00A5678F /* Products */,
			);
			sourceTree = "<group>";
		};
		7B5F32AD28A2BBEC00A5678F /* Products */ = {
			isa = PBXGroup;
			children = (
				7B5F32AC28A2BBEC00A5678F /* SpotifyClone.app */,
				7B5F32BC28A2BBED00A5678F /* SpotifyCloneTests.xctest */,
				7B5F32C628A2BBED00A5678F /* SpotifyCloneUITests.xctest */,
			);
			name = Products;
			sourceTree = "<group>";
		};
		7B5F32AE28A2BBEC00A5678F /* SpotifyClone */ = {
			isa = PBXGroup;
			children = (
				7B5F32AF28A2BBEC00A5678F /* SpotifyCloneApp.swift */,
				7B5F32B128A2BBEC00A5678F /* ContentView.swift */,
				7B5F32B328A2BBED00A5678F /* Assets.xcassets */,
				7B5F32B528A2BBED00A5678F /* Preview Content */,
			);
			path = SpotifyClone;
			sourceTree = "<group>";
		};
		7B5F32B528A2BBED00A5678F /* Preview Content */ = {
			isa = PBXGroup;
			children = (
				7B5F32B628A2BBED00A5678F /* Preview Assets.xcassets */,
			);
			path = "Preview Content";
			sourceTree = "<group>";
		};
		7B5F32BF28A2BBED00A5678F /* SpotifyCloneTests */ = {
			isa = PBXGroup;
			children = (
				7B5F32C028A2BBED00A5678F /* SpotifyCloneTests.swift */,
			);
			path = SpotifyCloneTests;
			sourceTree = "<group>";
		};
		7B5F32C928A2BBED00A5678F /* SpotifyCloneUITests */ = {
			isa = PBXGroup;
			children = (
				7B5F32CA28A2BBED00A5678F /* SpotifyCloneUITests.swift */,
				7B5F32CC28A2BBED00A5678F /* SpotifyCloneUITestsLaunchTests.swift */,
			);
			path = SpotifyCloneUITests;
			sourceTree = "<group>";
		};
/* End PBXGroup section */

/* Begin PBXNativeTarget section */
		7B5F32AB28A2BBEC00A5678F /* SpotifyClone */ = {
			isa = PBXNativeTarget;
			buildConfigurationList = 7B5F32D028A2BBED00A5678F /* Build configuration list for PBXNativeTarget "SpotifyClone" */;
			buildPhases = (
				7B5F32A828A2BBEC00A5678F /* Sources */,
				7B5F32A928A2BBEC00A5678F /* Frameworks */,
				7B5F32AA28A2BBEC00A5678F /* Resources */,
			);
			buildRules = (
			);
			dependencies = (
			);
			name = SpotifyClone;
			productName = SpotifyClone;
			productReference = 7B5F32AC28A2BBEC00A5678F /* SpotifyClone.app */;
			productType = "com.apple.product-type.application";
		};
		7B5F32BB28A2BBED00A5678F /* SpotifyCloneTests */ = {
			isa = PBXNativeTarget;
			buildConfigurationList = 7B5F32D328A2BBED00A5678F /* Build configuration list for PBXNativeTarget "SpotifyCloneTests" */;
			buildPhases = (
				7B5F32B828A2BBED00A5678F /* Sources */,
				7B5F32B928A2BBED00A5678F /* Frameworks */,
				7B5F32BA28A2BBED00A5678F /* Resources */,
			);
			buildRules = (
			);
			dependencies = (
				7B5F32BE28A2BBED00A5678F /* PBXTargetDependency */,
			);
			name = SpotifyCloneTests;
			productName = SpotifyCloneTests;
			productReference = 7B5F32BC28A2BBED00A5678F /* SpotifyCloneTests.xctest */;
			productType = "com.apple.product-type.bundle.unit-test";
		};
		7B5F32C528A2BBED00A5678F /* SpotifyCloneUITests */ = {
			isa = PBXNativeTarget;
			buildConfigurationList = 7B5F32D628A2BBED00A5678F /* Build configuration list for PBXNativeTarget "SpotifyCloneUITests" */;
			buildPhases = (
				7B5F32C228A2BBED00A5678F /* Sources */,
				7B5F32C328A2BBED00A5678F /* Frameworks */,
				7B5F32C428A2BBED00A5678F /* Resources */,
			);
			buildRules = (
			);
			dependencies = (
				7B5F32C828A2BBED00A5678F /* PBXTargetDependency */,
			);
			name = SpotifyCloneUITests;
			productName = SpotifyCloneUITests;
			productReference = 7B5F32C628A2BBED00A5678F /* SpotifyCloneUITests.xctest */;
			productType = "com.apple.product-type.bundle.ui-testing";
		};
/* End PBXNativeTarget section */

/* Begin PBXProject section */
		7B5F32A428A2BBEC00A5678F /* Project object */ = {
			isa = PBXProject;
			attributes = {
				BuildIndependentTargetsInParallel = 1;
				LastSwiftUpdateCheck = 1320;
				LastUpgradeCheck = 1320;
				TargetAttributes = {
					7B5F32AB28A2BBEC00A5678F = {
						CreatedOnToolsVersion = 13.2.1;
					};
					7B5F32BB28A2BBED00A5678F = {
						CreatedOnToolsVersion = 13.2.1;
						TestTargetID = 7B5F32AB28A2BBEC00A5678F;
					};
					7B5F32C528A2BBED00A5678F = {
						CreatedOnToolsVersion = 13.2.1;
						TestTargetID = 7B5F32AB28A2BBEC00A5678F;
					};
				};
			};
			buildConfigurationList = 7B5F32A728A2BBEC00A5678F /* Build configuration list for PBXProject "SpotifyClone" */;
			compatibilityVersion = "Xcode 13.0";
			developmentRegion = en;
			hasScannedForEncodings = 0;
			knownRegions = (
				en,
				Base,
			);
			mainGroup = 7B5F32A328A2BBEC00A5678F;
			productRefGroup = 7B5F32AD28A2BBEC00A5678F /* Products */;
			projectDirPath = "";
			projectRoot = "";
			targets = (
				7B5F32AB28A2BBEC00A5678F /* SpotifyClone */,
				7B5F32BB28A2BBED00A5678F /* SpotifyCloneTests */,
				7B5F32C528A2BBED00A5678F /* SpotifyCloneUITests */,
			);
		};
/* End PBXProject section */

/* Begin PBXResourcesBuildPhase section */
		7B5F32AA28A2BBEC00A5678F /* Resources */ = {
			isa = PBXResourcesBuildPhase;
			buildActionMask = 2147483647;
			files = (
				7B5F32B728A2BBED00A5678F /* Preview Assets.xcassets in Resources */,
				7B5F32B428A2BBED00A5678F /* Assets.xcassets in Resources */,
			);
			runOnlyForDeploymentPostprocessing = 0;
		};
		7B5F32BA28A2BBED00A5678F /* Resources */ = {
			isa = PBXResourcesBuildPhase;
			buildActionMask = 2147483647;
			files = (
			);
			runOnlyForDeploymentPostprocessing = 0;
		};
		7B5F32C428A2BBED00A5678F /* Resources */ = {
			isa = PBXResourcesBuildPhase;
			buildActionMask = 2147483647;
			files = (
			);
			runOnlyForDeploymentPostprocessing = 0;
		};
/* End PBXResourcesBuildPhase section */

/* Begin PBXSourcesBuildPhase section */
		7B5F32A828A2BBEC00A5678F /* Sources */ = {
			isa = PBXSourcesBuildPhase;
			buildActionMask = 2147483647;
			files = (
				7B5F32B228A2BBEC00A5678F /* ContentView.swift in Sources */,
				7B5F32B028A2BBEC00A5678F /* SpotifyCloneApp.swift in Sources */,
			);
			runOnlyForDeploymentPostprocessing = 0;
		};
		7B5F32B828A2BBED00A5678F /* Sources */ = {
			isa = PBXSourcesBuildPhase;
			buildActionMask = 2147483647;
			files = (
				7B5F32C128A2BBED00A5678F /* SpotifyCloneTests.swift in Sources */,
			);
			runOnlyForDeploymentPostprocessing = 0;
		};
		7B5F32C228A2BBED00A5678F /* Sources */ = {
			isa = PBXSourcesBuildPhase;
			buildActionMask = 2147483647;
			files = (
				7B5F32CB28A2BBED00A5678F /* SpotifyCloneUITests.swift in Sources */,
				7B5F32CD28A2BBED00A5678F /* SpotifyCloneUITestsLaunchTests.swift in Sources */,
			);
			runOnlyForDeploymentPostprocessing = 0;
		};
/* End PBXSourcesBuildPhase section */

/* Begin PBXTargetDependency section */
		7B5F32BE28A2BBED00A5678F /* PBXTargetDependency */ = {
			isa = PBXTargetDependency;
			target = 7B5F32AB28A2BBEC00A5678F /* SpotifyClone */;
			targetProxy = 7B5F32BD28A2BBED00A5678F /* PBXContainerItemProxy */;
		};
		7B5F32C828A2BBED00A5678F /* PBXTargetDependency */ = {
			isa = PBXTargetDependency;
			target = 7B5F32AB28A2BBEC00A5678F /* SpotifyClone */;
			targetProxy = 7B5F32C728A2BBED00A5678F /* PBXContainerItemProxy */;
		};
/* End PBXTargetDependency section */

/* Begin XCBuildConfiguration section */
		7B5F32CE28A2BBED00A5678F /* Debug */ = {
			isa = XCBuildConfiguration;
			buildSettings = {
				ALWAYS_SEARCH_USER_PATHS = NO;
				CLANG_ANALYZER_NONNULL = YES;
				CLANG_ANALYZER_NUMBER_OBJECT_CONVERSION = YES_AGGRESSIVE;
				CLANG_CXX_LANGUAGE_STANDARD = "gnu++17";
				CLANG_CXX_LIBRARY = "libc++";
				CLANG_ENABLE_MODULES = YES;
				CLANG_ENABLE_OBJC_ARC = YES;
				CLANG_ENABLE_OBJC_WEAK = YES;
				CLANG_WARN_BLOCK_CAPTURE_AUTORELEASING = YES;
				CLANG_WARN_BOOL_CONVERSION = YES;
				CLANG_WARN_COMMA = YES;
				CLANG_WARN_CONSTANT_CONVERSION = YES;
				CLANG_WARN_DEPRECATED_OBJC_IMPLEMENTATIONS = YES;
				CLANG_WARN_DIRECT_OBJC_ISA_USAGE = YES_ERROR;
				CLANG_WARN_DOCUMENTATION_COMMENTS = YES;
				CLANG_WARN_EMPTY_BODY = YES;
				CLANG_WARN_ENUM_CONVERSION = YES;
				CLANG_WARN_INFINITE_RECURSION = YES;
				CLANG_WARN_INT_CONVERSION = YES;
				CLANG_WARN_NON_LITERAL_NULL_CONVERSION = YES;
				CLANG_WARN_OBJC_IMPLICIT_RETAIN_SELF = YES;
				CLANG_WARN_OBJC_LITERAL_CONVERSION = YES;
				CLANG_WARN_OBJC_ROOT_CLASS = YES_ERROR;
				CLANG_WARN_QUOTED_INCLUDE_IN_FRAMEWORK_HEADER = YES;
				CLANG_WARN_RANGE_LOOP_ANALYSIS = YES;
				CLANG_WARN_STRICT_PROTOTYPES = YES;
				CLANG_WARN_SUSPICIOUS_MOVE = YES;
				CLANG_WARN_UNGUARDED_AVAILABILITY = YES_AGGRESSIVE;
				CLANG_WARN_UNREACHABLE_CODE = YES;
				CLANG_WARN__DUPLICATE_METHOD_MATCH = YES;
				COPY_PHASE_STRIP = NO;
				DEBUG_INFORMATION_FORMAT = dwarf;
				ENABLE_STRICT_OBJC_MSGSEND = YES;
				ENABLE_TESTABILITY = YES;
				GCC_C_LANGUAGE_STANDARD = gnu11;
				GCC_DYNAMIC_NO_PIC = NO;
				GCC_NO_COMMON_BLOCKS = YES;
				GCC_OPTIMIZATION_LEVEL = 0;
				GCC_PREPROCESSOR_DEFINITIONS = (
					"DEBUG=1",
					"$(inherited)",
				);
				GCC_WARN_64_TO_32_BIT_CONVERSION = YES;
				GCC_WARN_ABOUT_RETURN_TYPE = YES_ERROR;
				GCC_WARN_UNDECLARED_SELECTOR = YES;
				GCC_WARN_UNINITIALIZED_AUTOS = YES_AGGRESSIVE;
				GCC_WARN_UNUSED_FUNCTION = YES;
				GCC_WARN_UNUSED_VARIABLE = YES;
				IPHONEOS_DEPLOYMENT_TARGET = 15.2;
				MTL_ENABLE_DEBUG_INFO = INCLUDE_SOURCE;
				MTL_FAST_MATH = YES;
				ONLY_ACTIVE_ARCH = YES;
				SDKROOT = iphoneos;
				SWIFT_ACTIVE_COMPILATION_CONDITIONS = DEBUG;
				SWIFT_OPTIMIZATION_LEVEL = "-Onone";
			};
			name = Debug;
		};
		7B5F32CF28A2BBED00A5678F /* Release */ = {
			isa = XCBuildConfiguration;
			buildSettings = {
				ALWAYS_SEARCH_USER_PATHS = NO;
				CLANG_ANALYZER_NONNULL = YES;
				CLANG_ANALYZER_NUMBER_OBJECT_CONVERSION = YES_AGGRESSIVE;
				CLANG_CXX_LANGUAGE_STANDARD = "gnu++17";
				CLANG_CXX_LIBRARY = "libc++";
				CLANG_ENABLE_MODULES = YES;
				CLANG_ENABLE_OBJC_ARC = YES;
				CLANG_ENABLE_OBJC_WEAK = YES;
				CLANG_WARN_BLOCK_CAPTURE_AUTORELEASING = YES;
				CLANG_WARN_BOOL_CONVERSION = YES;
				CLANG_WARN_COMMA = YES;
				CLANG_WARN_CONSTANT_CONVERSION = YES;
				CLANG_WARN_DEPRECATED_OBJC_IMPLEMENTATIONS = YES;
				CLANG_WARN_DIRECT_OBJC_ISA_USAGE = YES_ERROR;
				CLANG_WARN_DOCUMENTATION_COMMENTS = YES;
				CLANG_WARN_EMPTY_BODY = YES;
				CLANG_WARN_ENUM_CONVERSION = YES;
				CLANG_WARN_INFINITE_RECURSION = YES;
				CLANG_WARN_INT_CONVERSION = YES;
				CLANG_WARN_NON_LITERAL_NULL_CONVERSION = YES;
				CLANG_WARN_OBJC_IMPLICIT_RETAIN_SELF = YES;
				CLANG_WARN_OBJC_LITERAL_CONVERSION = YES;
				CLANG_WARN_OBJC_ROOT_CLASS = YES_ERROR;
				CLANG_WARN_QUOTED_INCLUDE_IN_FRAMEWORK_HEADER = YES;
				CLANG_WARN_RANGE_LOOP_ANALYSIS = YES;
				CLANG_WARN_STRICT_PROTOTYPES = YES;
				CLANG_WARN_SUSPICIOUS_MOVE = YES;
				CLANG_WARN_UNGUARDED_AVAILABILITY = YES_AGGRESSIVE;
				CLANG_WARN_UNREACHABLE_CODE = YES;
				CLANG_WARN__DUPLICATE_METHOD_MATCH = YES;
				COPY_PHASE_STRIP = NO;
				DEBUG_INFORMATION_FORMAT = "dwarf-with-dsym";
				ENABLE_NS_ASSERTIONS = NO;
				ENABLE_STRICT_OBJC_MSGSEND = YES;
				GCC_C_LANGUAGE_STANDARD = gnu11;
				GCC_NO_COMMON_BLOCKS = YES;
				GCC_WARN_64_TO_32_BIT_CONVERSION = YES;
				GCC_WARN_ABOUT_RETURN_TYPE = YES_ERROR;
				GCC_WARN_UNDECLARED_SELECTOR = YES;
				GCC_WARN_UNINITIALIZED_AUTOS = YES_AGGRESSIVE;
				GCC_WARN_UNUSED_FUNCTION = YES;
				GCC_WARN_UNUSED_VARIABLE = YES;
				IPHONEOS_DEPLOYMENT_TARGET = 15.2;
				MTL_ENABLE_DEBUG_INFO = NO;
				MTL_FAST_MATH = YES;
				SDKROOT = iphoneos;
				SWIFT_COMPILATION_MODE = wholemodule;
				SWIFT_OPTIMIZATION_LEVEL = "-O";
				VALIDATE_PRODUCT = YES;
			};
			name = Release;
		};
		7B5F32D128A2BBED00A5678F /* Debug */ = {
			isa = XCBuildConfiguration;
			buildSettings = {
				ASSETCATALOG_COMPILER_APPICON_NAME = AppIcon;
				ASSETCATALOG_COMPILER_GLOBAL_ACCENT_COLOR_NAME = AccentColor;
				CODE_SIGN_STYLE = Automatic;
				CURRENT_PROJECT_VERSION = 1;
				DEVELOPMENT_ASSET_PATHS = "\"SpotifyClone/Preview Content\"";
				DEVELOPMENT_TEAM = Y542NXVNVY;
				ENABLE_PREVIEWS = YES;
				GENERATE_INFOPLIST_FILE = YES;
				INFOPLIST_KEY_UIApplicationSceneManifest_Generation = YES;
				INFOPLIST_KEY_UIApplicationSupportsIndirectInputEvents = YES;
				INFOPLIST_KEY_UILaunchScreen_Generation = YES;
				INFOPLIST_KEY_UISupportedInterfaceOrientations_iPad = "UIInterfaceOrientationPortrait UIInterfaceOrientationPortraitUpsideDown UIInterfaceOrientationLandscapeLeft UIInterfaceOrientationLandscapeRight";
				INFOPLIST_KEY_UISupportedInterfaceOrientations_iPhone = "UIInterfaceOrientationPortrait UIInterfaceOrientationLandscapeLeft UIInterfaceOrientationLandscapeRight";
				LD_RUNPATH_SEARCH_PATHS = (
					"$(inherited)",
					"@executable_path/Frameworks",
				);
				MARKETING_VERSION = 1.0;
				PRODUCT_BUNDLE_IDENTIFIER = com.booh.uitest.SpotifyClone;
				PRODUCT_NAME = "$(TARGET_NAME)";
				SWIFT_EMIT_LOC_STRINGS = YES;
				SWIFT_VERSION = 5.0;
				TARGETED_DEVICE_FAMILY = "1,2";
			};
			name = Debug;
		};
		7B5F32D228A2BBED00A5678F /* Release */ = {
			isa = XCBuildConfiguration;
			buildSettings = {
				ASSETCATALOG_COMPILER_APPICON_NAME = AppIcon;
				ASSETCATALOG_COMPILER_GLOBAL_ACCENT_COLOR_NAME = AccentColor;
				CODE_SIGN_STYLE = Automatic;
				CURRENT_PROJECT_VERSION = 1;
				DEVELOPMENT_ASSET_PATHS = "\"SpotifyClone/Preview Content\"";
				DEVELOPMENT_TEAM = Y542NXVNVY;
				ENABLE_PREVIEWS = YES;
				GENERATE_INFOPLIST_FILE = YES;
				INFOPLIST_KEY_UIApplicationSceneManifest_Generation = YES;
				INFOPLIST_KEY_UIApplicationSupportsIndirectInputEvents = YES;
				INFOPLIST_KEY_UILaunchScreen_Generation = YES;
				INFOPLIST_KEY_UISupportedInterfaceOrientations_iPad = "UIInterfaceOrientationPortrait UIInterfaceOrientationPortraitUpsideDown UIInterfaceOrientationLandscapeLeft UIInterfaceOrientationLandscapeRight";
				INFOPLIST_KEY_UISupportedInterfaceOrientations_iPhone = "UIInterfaceOrientationPortrait UIInterfaceOrientationLandscapeLeft UIInterfaceOrientationLandscapeRight";
				LD_RUNPATH_SEARCH_PATHS = (
					"$(inherited)",
					"@executable_path/Frameworks",
				);
				MARKETING_VERSION = 1.0;
				PRODUCT_BUNDLE_IDENTIFIER = com.booh.uitest.SpotifyClone;
				PRODUCT_NAME = "$(TARGET_NAME)";
				SWIFT_EMIT_LOC_STRINGS = YES;
				SWIFT_VERSION = 5.0;
				TARGETED_DEVICE_FAMILY = "1,2";
			};
			name = Release;
		};
		7B5F32D428A2BBED00A5678F /* Debug */ = {
			isa = XCBuildConfiguration;
			buildSettings = {
				ALWAYS_EMBED_SWIFT_STANDARD_LIBRARIES = YES;
				BUNDLE_LOADER = "$(TEST_HOST)";
				CODE_SIGN_STYLE = Automatic;
				CURRENT_PROJECT_VERSION = 1;
				DEVELOPMENT_TEAM = Y542NXVNVY;
				GENERATE_INFOPLIST_FILE = YES;
				IPHONEOS_DEPLOYMENT_TARGET = 15.2;
				MARKETING_VERSION = 1.0;
				PRODUCT_BUNDLE_IDENTIFIER = com.booh.uitest.SpotifyCloneTests;
				PRODUCT_NAME = "$(TARGET_NAME)";
				SWIFT_EMIT_LOC_STRINGS = NO;
				SWIFT_VERSION = 5.0;
				TARGETED_DEVICE_FAMILY = "1,2";
				TEST_HOST = "$(BUILT_PRODUCTS_DIR)/SpotifyClone.app/SpotifyClone";
			};
			name = Debug;
		};
		7B5F32D528A2BBED00A5678F /* Release */ = {
			isa = XCBuildConfiguration;
			buildSettings = {
				ALWAYS_EMBED_SWIFT_STANDARD_LIBRARIES = YES;
				BUNDLE_LOADER = "$(TEST_HOST)";
				CODE_SIGN_STYLE = Automatic;
				CURRENT_PROJECT_VERSION = 1;
				DEVELOPMENT_TEAM = Y542NXVNVY;
				GENERATE_INFOPLIST_FILE = YES;
				IPHONEOS_DEPLOYMENT_TARGET = 15.2;
				MARKETING_VERSION = 1.0;
				PRODUCT_BUNDLE_IDENTIFIER = com.booh.uitest.SpotifyCloneTests;
				PRODUCT_NAME = "$(TARGET_NAME)";
				SWIFT_EMIT_LOC_STRINGS = NO;
				SWIFT_VERSION = 5.0;
				TARGETED_DEVICE_FAMILY = "1,2";
				TEST_HOST = "$(BUILT_PRODUCTS_DIR)/SpotifyClone.app/SpotifyClone";
			};
			name = Release;
		};
		7B5F32D728A2BBED00A5678F /* Debug */ = {
			isa = XCBuildConfiguration;
			buildSettings = {
				ALWAYS_EMBED_SWIFT_STANDARD_LIBRARIES = YES;
				CODE_SIGN_STYLE = Automatic;
				CURRENT_PROJECT_VERSION = 1;
				DEVELOPMENT_TEAM = Y542NXVNVY;
				GENERATE_INFOPLIST_FILE = YES;
				MARKETING_VERSION = 1.0;
				PRODUCT_BUNDLE_IDENTIFIER = com.booh.uitest.SpotifyCloneUITests;
				PRODUCT_NAME = "$(TARGET_NAME)";
				SWIFT_EMIT_LOC_STRINGS = NO;
				SWIFT_VERSION = 5.0;
				TARGETED_DEVICE_FAMILY = "1,2";
				TEST_TARGET_NAME = SpotifyClone;
			};
			name = Debug;
		};
		7B5F32D828A2BBED00A5678F /* Release */ = {
			isa = XCBuildConfiguration;
			buildSettings = {
				ALWAYS_EMBED_SWIFT_STANDARD_LIBRARIES = YES;
				CODE_SIGN_STYLE = Automatic;
				CURRENT_PROJECT_VERSION = 1;
				DEVELOPMENT_TEAM = Y542NXVNVY;
				GENERATE_INFOPLIST_FILE = YES;
				MARKETING_VERSION = 1.0;
				PRODUCT_BUNDLE_IDENTIFIER = com.booh.uitest.SpotifyCloneUITests;
				PRODUCT_NAME = "$(TARGET_NAME)";
				SWIFT_EMIT_LOC_STRINGS = NO;
				SWIFT_VERSION = 5.0;
				TARGETED_DEVICE_FAMILY = "1,2";
				TEST_TARGET_NAME = SpotifyClone;
			};
			name = Release;
		};
/* End XCBuildConfiguration section */

/* Begin XCConfigurationList section */
		7B5F32A728A2BBEC00A5678F /* Build configuration list for PBXProject "SpotifyClone" */ = {
			isa = XCConfigurationList;
			buildConfigurations = (
				7B5F32CE28A2BBED00A5678F /* Debug */,
				7B5F32CF28A2BBED00A5678F /* Release */,
			);
			defaultConfigurationIsVisible = 0;
			defaultConfigurationName = Release;
		};
		7B5F32D028A2BBED00A5678F /* Build configuration list for PBXNativeTarget "SpotifyClone" */ = {
			isa = XCConfigurationList;
			buildConfigurations = (
				7B5F32D128A2BBED00A5678F /* Debug */,
				7B5F32D228A2BBED00A5678F /* Release */,
			);
			defaultConfigurationIsVisible = 0;
			defaultConfigurationName = Release;
		};
		7B5F32D328A2BBED00A5678F /* Build configuration list for PBXNativeTarget "SpotifyCloneTests" */ = {
			isa = XCConfigurationList;
			buildConfigurations = (
				7B5F32D428A2BBED00A5678F /* Debug */,
				7B5F32D528A2BBED00A5678F /* Release */,
			);
			defaultConfigurationIsVisible = 0;
			defaultConfigurationName = Release;
		};
		7B5F32D628A2BBED00A5678F /* Build configuration list for PBXNativeTarget "SpotifyCloneUITests" */ = {
			isa = XCConfigurationList;
			buildConfigurations = (
				7B5F32D728A2BBED00A5678F /* Debug */,
				7B5F32D828A2BBED00A5678F /* Release */,
			);
			defaultConfigurationIsVisible = 0;
			defaultConfigurationName = Release;
		};
/* End XCConfigurationList section */
	};
	rootObject = 7B5F32A428A2BBEC00A5678F /* Project object */;
}
